
Microsoft Visual Studio Solution File, Format Version 12.00
# Visual Studio 15
VisualStudioVersion = 15.0.27428.2037
MinimumVisualStudioVersion = 10.0.40219.1
Project("{FAE04EC0-301F-11D3-BF4B-00C04F79EFBC}") = "TRabajadorSueldo", "TRabajadorSueldo\TRabajadorSueldo.csproj", "{958BB13B-362D-4094-BE72-42BA06E40DBE}"
EndProject
Global
	GlobalSection(SolutionConfigurationPlatforms) = preSolution
		Debug|Any CPU = Debug|Any CPU
		Release|Any CPU = Release|Any CPU
	EndGlobalSection
	GlobalSection(ProjectConfigurationPlatforms) = postSolution
		{958BB13B-362D-4094-BE72-42BA06E40DBE}.Debug|Any CPU.ActiveCfg = Debug|Any CPU
		{958BB13B-362D-4094-BE72-42BA06E40DBE}.Debug|Any CPU.Build.0 = Debug|Any CPU
		{958BB13B-362D-4094-BE72-42BA06E40DBE}.Release|Any CPU.ActiveCfg = Release|Any CPU
		{958BB13B-362D-4094-BE72-42BA06E40DBE}.Release|Any CPU.Build.0 = Release|Any CPU
	EndGlobalSection
	GlobalSection(SolutionProperties) = preSolution
		HideSolutionNode = FALSE
	EndGlobalSection
	GlobalSection(ExtensibilityGlobals) = postSolution
		SolutionGuid = {E7E5E739-634C-4396-9D10-9BBA5E8A8E0B}
	EndGlobalSection
EndGlobal
